
Microsoft Visual Studio Solution File, Format Version 12.00
# Visual Studio Version 17
VisualStudioVersion = 17.4.33122.133
MinimumVisualStudioVersion = 10.0.40219.1
Project("{FAE04EC0-301F-11D3-BF4B-00C04F79EFBC}") = "ChooseFreeGame.UI", "ChooseFreeGame.UI\ChooseFreeGame.UI.csproj", "{CA945F8E-F657-4643-943A-5A743BB42922}"
EndProject
Project("{FAE04EC0-301F-11D3-BF4B-00C04F79EFBC}") = "ChooseFreeGame.Logic", "ChooseFreeGame.Logic\ChooseFreeGame.Logic.csproj", "{3DBB1677-2168-4214-B0B7-C49FC686157A}"
EndProject
Global
	GlobalSection(SolutionConfigurationPlatforms) = preSolution
		Debug|Any CPU = Debug|Any CPU
		Release|Any CPU = Release|Any CPU
	EndGlobalSection
	GlobalSection(ProjectConfigurationPlatforms) = postSolution
		{CA945F8E-F657-4643-943A-5A743BB42922}.Debug|Any CPU.ActiveCfg = Debug|Any CPU
		{CA945F8E-F657-4643-943A-5A743BB42922}.Debug|Any CPU.Build.0 = Debug|Any CPU
		{CA945F8E-F657-4643-943A-5A743BB42922}.Release|Any CPU.ActiveCfg = Release|Any CPU
		{CA945F8E-F657-4643-943A-5A743BB42922}.Release|Any CPU.Build.0 = Release|Any CPU
		{3DBB1677-2168-4214-B0B7-C49FC686157A}.Debug|Any CPU.ActiveCfg = Debug|Any CPU
		{3DBB1677-2168-4214-B0B7-C49FC686157A}.Debug|Any CPU.Build.0 = Debug|Any CPU
		{3DBB1677-2168-4214-B0B7-C49FC686157A}.Release|Any CPU.ActiveCfg = Release|Any CPU
		{3DBB1677-2168-4214-B0B7-C49FC686157A}.Release|Any CPU.Build.0 = Release|Any CPU
	EndGlobalSection
	GlobalSection(SolutionProperties) = preSolution
		HideSolutionNode = FALSE
	EndGlobalSection
	GlobalSection(ExtensibilityGlobals) = postSolution
		SolutionGuid = {9179C054-C85C-4310-9544-8D3A79E1DC3F}
	EndGlobalSection
EndGlobal
